
Microsoft Visual Studio Solution File, Format Version 12.00
# Visual Studio Version 17
VisualStudioVersion = 17.8.34601.278
MinimumVisualStudioVersion = 10.0.40219.1
Project("{9A19103F-16F7-4668-BE54-9A1E7A4F7556}") = "CleanCodeJN.Repository.EntityFramework", "CleanCodeJN.Repository.EntityFramework\CleanCodeJN.Repository.EntityFramework.csproj", "{06706338-75CB-4667-9C28-8D1E14A3C4A2}"
EndProject
Project("{9A19103F-16F7-4668-BE54-9A1E7A4F7556}") = "CleanCodeJN.Sample", "CleanCodeJN.Sample\CleanCodeJN.Sample.csproj", "{E42495E3-0E4A-4411-A2EA-5061DFDC5B66}"
EndProject
Global
	GlobalSection(SolutionConfigurationPlatforms) = preSolution
		Debug|Any CPU = Debug|Any CPU
		Release|Any CPU = Release|Any CPU
	EndGlobalSection
	GlobalSection(ProjectConfigurationPlatforms) = postSolution
		{06706338-75CB-4667-9C28-8D1E14A3C4A2}.Debug|Any CPU.ActiveCfg = Debug|Any CPU
		{06706338-75CB-4667-9C28-8D1E14A3C4A2}.Debug|Any CPU.Build.0 = Debug|Any CPU
		{06706338-75CB-4667-9C28-8D1E14A3C4A2}.Release|Any CPU.ActiveCfg = Release|Any CPU
		{06706338-75CB-4667-9C28-8D1E14A3C4A2}.Release|Any CPU.Build.0 = Release|Any CPU
		{E42495E3-0E4A-4411-A2EA-5061DFDC5B66}.Debug|Any CPU.ActiveCfg = Debug|Any CPU
		{E42495E3-0E4A-4411-A2EA-5061DFDC5B66}.Debug|Any CPU.Build.0 = Debug|Any CPU
		{E42495E3-0E4A-4411-A2EA-5061DFDC5B66}.Release|Any CPU.ActiveCfg = Release|Any CPU
		{E42495E3-0E4A-4411-A2EA-5061DFDC5B66}.Release|Any CPU.Build.0 = Release|Any CPU
	EndGlobalSection
	GlobalSection(SolutionProperties) = preSolution
		HideSolutionNode = FALSE
	EndGlobalSection
	GlobalSection(ExtensibilityGlobals) = postSolution
		SolutionGuid = {75B150E1-488C-43F2-84D8-9D81DBED10B6}
	EndGlobalSection
EndGlobal
